// !$*UTF8*$!
{
	archiveVersion = 1;
	classes = {
	};
	objectVersion = 46;
	objects = {

/* Begin PBXBuildFile section */
		60BFC3C61F1BB9350070701D /* AppDelegate.swift in Sources */ = {isa = PBXBuildFile; fileRef = 60BFC3C51F1BB9350070701D /* AppDelegate.swift */; };
		60BFC3C81F1BB9350070701D /* ViewController.swift in Sources */ = {isa = PBXBuildFile; fileRef = 60BFC3C71F1BB9350070701D /* ViewController.swift */; };
		60BFC3CA1F1BB9350070701D /* Assets.xcassets in Resources */ = {isa = PBXBuildFile; fileRef = 60BFC3C91F1BB9350070701D /* Assets.xcassets */; };
		60BFC3CD1F1BB9350070701D /* Main.storyboard in Resources */ = {isa = PBXBuildFile; fileRef = 60BFC3CB1F1BB9350070701D /* Main.storyboard */; };
		60BFC3D81F1BB9350070701D /* Xcode8GitExampleTests.swift in Sources */ = {isa = PBXBuildFile; fileRef = 60BFC3D71F1BB9350070701D /* Xcode8GitExampleTests.swift */; };
		60BFC3E31F1BB9350070701D /* Xcode8GitExampleUITests.swift in Sources */ = {isa = PBXBuildFile; fileRef = 60BFC3E21F1BB9350070701D /* Xcode8GitExampleUITests.swift */; };
/* End PBXBuildFile section */

/* Begin PBXContainerItemProxy section */
		60BFC3D41F1BB9350070701D /* PBXContainerItemProxy */ = {
			isa = PBXContainerItemProxy;
			containerPortal = 60BFC3BA1F1BB9350070701D /* Project object */;
			proxyType = 1;
			remoteGlobalIDString = 60BFC3C11F1BB9350070701D;
			remoteInfo = Xcode8GitExample;
		};
		60BFC3DF1F1BB9350070701D /* PBXContainerItemProxy */ = {
			isa = PBXContainerItemProxy;
			containerPortal = 60BFC3BA1F1BB9350070701D /* Project object */;
			proxyType = 1;
			remoteGlobalIDString = 60BFC3C11F1BB9350070701D;
			remoteInfo = Xcode8GitExample;
		};
/* End PBXContainerItemProxy section */

/* Begin PBXFileReference section */
		60BFC3C21F1BB9350070701D /* Xcode8GitExample.app */ = {isa = PBXFileReference; explicitFileType = wrapper.application; includeInIndex = 0; path = Xcode8GitExample.app; sourceTree = BUILT_PRODUCTS_DIR; };
		60BFC3C51F1BB9350070701D /* AppDelegate.swift */ = {isa = PBXFileReference; lastKnownFileType = sourcecode.swift; path = AppDelegate.swift; sourceTree = "<group>"; };
		60BFC3C71F1BB9350070701D /* ViewController.swift */ = {isa = PBXFileReference; lastKnownFileType = sourcecode.swift; path = ViewController.swift; sourceTree = "<group>"; };
		60BFC3C91F1BB9350070701D /* Assets.xcassets */ = {isa = PBXFileReference; lastKnownFileType = folder.assetcatalog; path = Assets.xcassets; sourceTree = "<group>"; };
		60BFC3CC1F1BB9350070701D /* Base */ = {isa = PBXFileReference; lastKnownFileType = file.storyboard; name = Base; path = Base.lproj/Main.storyboard; sourceTree = "<group>"; };
		60BFC3CE1F1BB9350070701D /* Info.plist */ = {isa = PBXFileReference; lastKnownFileType = text.plist.xml; path = Info.plist; sourceTree = "<group>"; };
		60BFC3D31F1BB9350070701D /* Xcode8GitExampleTests.xctest */ = {isa = PBXFileReference; explicitFileType = wrapper.cfbundle; includeInIndex = 0; path = Xcode8GitExampleTests.xctest; sourceTree = BUILT_PRODUCTS_DIR; };
		60BFC3D71F1BB9350070701D /* Xcode8GitExampleTests.swift */ = {isa = PBXFileReference; lastKnownFileType = sourcecode.swift; path = Xcode8GitExampleTests.swift; sourceTree = "<group>"; };
		60BFC3D91F1BB9350070701D /* Info.plist */ = {isa = PBXFileReference; lastKnownFileType = text.plist.xml; path = Info.plist; sourceTree = "<group>"; };
		60BFC3DE1F1BB9350070701D /* Xcode8GitExampleUITests.xctest */ = {isa = PBXFileReference; explicitFileType = wrapper.cfbundle; includeInIndex = 0; path = Xcode8GitExampleUITests.xctest; sourceTree = BUILT_PRODUCTS_DIR; };
		60BFC3E21F1BB9350070701D /* Xcode8GitExampleUITests.swift */ = {isa = PBXFileReference; lastKnownFileType = sourcecode.swift; path = Xcode8GitExampleUITests.swift; sourceTree = "<group>"; };
		60BFC3E41F1BB9350070701D /* Info.plist */ = {isa = PBXFileReference; lastKnownFileType = text.plist.xml; path = Info.plist; sourceTree = "<group>"; };
/* End PBXFileReference section */

/* Begin PBXFrameworksBuildPhase section */
		60BFC3BF1F1BB9350070701D /* Frameworks */ = {
			isa = PBXFrameworksBuildPhase;
			buildActionMask = 2147483647;
			files = (
			);
			runOnlyForDeploymentPostprocessing = 0;
		};
		60BFC3D01F1BB9350070701D /* Frameworks */ = {
			isa = PBXFrameworksBuildPhase;
			buildActionMask = 2147483647;
			files = (
			);
			runOnlyForDeploymentPostprocessing = 0;
		};
		60BFC3DB1F1BB9350070701D /* Frameworks */ = {
			isa = PBXFrameworksBuildPhase;
			buildActionMask = 2147483647;
			files = (
			);
			runOnlyForDeploymentPostprocessing = 0;
		};
/* End PBXFrameworksBuildPhase section */

/* Begin PBXGroup section */
		60BFC3B91F1BB9350070701D = {
			isa = PBXGroup;
			children = (
				60BFC3C41F1BB9350070701D /* Xcode8GitExample */,
				60BFC3D61F1BB9350070701D /* Xcode8GitExampleTests */,
				60BFC3E11F1BB9350070701D /* Xcode8GitExampleUITests */,
				60BFC3C31F1BB9350070701D /* Products */,
			);
			sourceTree = "<group>";
		};
		60BFC3C31F1BB9350070701D /* Products */ = {
			isa = PBXGroup;
			children = (
				60BFC3C21F1BB9350070701D /* Xcode8GitExample.app */,
				60BFC3D31F1BB9350070701D /* Xcode8GitExampleTests.xctest */,
				60BFC3DE1F1BB9350070701D /* Xcode8GitExampleUITests.xctest */,
			);
			name = Products;
			sourceTree = "<group>";
		};
		60BFC3C41F1BB9350070701D /* Xcode8GitExample */ = {
			isa = PBXGroup;
			children = (
				60BFC3C51F1BB9350070701D /* AppDelegate.swift */,
				60BFC3C71F1BB9350070701D /* ViewController.swift */,
				60BFC3C91F1BB9350070701D /* Assets.xcassets */,
				60BFC3CB1F1BB9350070701D /* Main.storyboard */,
				60BFC3CE1F1BB9350070701D /* Info.plist */,
			);
			path = Xcode8GitExample;
			sourceTree = "<group>";
		};
		60BFC3D61F1BB9350070701D /* Xcode8GitExampleTests */ = {
			isa = PBXGroup;
			children = (
				60BFC3D71F1BB9350070701D /* Xcode8GitExampleTests.swift */,
				60BFC3D91F1BB9350070701D /* Info.plist */,
			);
			path = Xcode8GitExampleTests;
			sourceTree = "<group>";
		};
		60BFC3E11F1BB9350070701D /* Xcode8GitExampleUITests */ = {
			isa = PBXGroup;
			children = (
				60BFC3E21F1BB9350070701D /* Xcode8GitExampleUITests.swift */,
				60BFC3E41F1BB9350070701D /* Info.plist */,
			);
			path = Xcode8GitExampleUITests;
			sourceTree = "<group>";
		};
/* End PBXGroup section */

/* Begin PBXNativeTarget section */
		60BFC3C11F1BB9350070701D /* Xcode8GitExample */ = {
			isa = PBXNativeTarget;
			buildConfigurationList = 60BFC3E71F1BB9350070701D /* Build configuration list for PBXNativeTarget "Xcode8GitExample" */;
			buildPhases = (
				60BFC3BE1F1BB9350070701D /* Sources */,
				60BFC3BF1F1BB9350070701D /* Frameworks */,
				60BFC3C01F1BB9350070701D /* Resources */,
			);
			buildRules = (
			);
			dependencies = (
			);
			name = Xcode8GitExample;
			productName = Xcode8GitExample;
			productReference = 60BFC3C21F1BB9350070701D /* Xcode8GitExample.app */;
			productType = "com.apple.product-type.application";
		};
		60BFC3D21F1BB9350070701D /* Xcode8GitExampleTests */ = {
			isa = PBXNativeTarget;
			buildConfigurationList = 60BFC3EA1F1BB9350070701D /* Build configuration list for PBXNativeTarget "Xcode8GitExampleTests" */;
			buildPhases = (
				60BFC3CF1F1BB9350070701D /* Sources */,
				60BFC3D01F1BB9350070701D /* Frameworks */,
				60BFC3D11F1BB9350070701D /* Resources */,
			);
			buildRules = (
			);
			dependencies = (
				60BFC3D51F1BB9350070701D /* PBXTargetDependency */,
			);
			name = Xcode8GitExampleTests;
			productName = Xcode8GitExampleTests;
			productReference = 60BFC3D31F1BB9350070701D /* Xcode8GitExampleTests.xctest */;
			productType = "com.apple.product-type.bundle.unit-test";
		};
		60BFC3DD1F1BB9350070701D /* Xcode8GitExampleUITests */ = {
			isa = PBXNativeTarget;
			buildConfigurationList = 60BFC3ED1F1BB9350070701D /* Build configuration list for PBXNativeTarget "Xcode8GitExampleUITests" */;
			buildPhases = (
				60BFC3DA1F1BB9350070701D /* Sources */,
				60BFC3DB1F1BB9350070701D /* Frameworks */,
				60BFC3DC1F1BB9350070701D /* Resources */,
			);
			buildRules = (
			);
			dependencies = (
				60BFC3E01F1BB9350070701D /* PBXTargetDependency */,
			);
			name = Xcode8GitExampleUITests;
			productName = Xcode8GitExampleUITests;
			productReference = 60BFC3DE1F1BB9350070701D /* Xcode8GitExampleUITests.xctest */;
			productType = "com.apple.product-type.bundle.ui-testing";
		};
/* End PBXNativeTarget section */

/* Begin PBXProject section */
		60BFC3BA1F1BB9350070701D /* Project object */ = {
			isa = PBXProject;
			attributes = {
				LastSwiftUpdateCheck = 0830;
				LastUpgradeCheck = 0830;
				ORGANIZATIONNAME = "Jasper Zimmerman";
				TargetAttributes = {
					60BFC3C11F1BB9350070701D = {
						CreatedOnToolsVersion = 8.3.1;
						ProvisioningStyle = Automatic;
					};
					60BFC3D21F1BB9350070701D = {
						CreatedOnToolsVersion = 8.3.1;
						ProvisioningStyle = Automatic;
						TestTargetID = 60BFC3C11F1BB9350070701D;
					};
					60BFC3DD1F1BB9350070701D = {
						CreatedOnToolsVersion = 8.3.1;
						ProvisioningStyle = Automatic;
						TestTargetID = 60BFC3C11F1BB9350070701D;
					};
				};
			};
			buildConfigurationList = 60BFC3BD1F1BB9350070701D /* Build configuration list for PBXProject "Xcode8GitExample" */;
			compatibilityVersion = "Xcode 3.2";
			developmentRegion = English;
			hasScannedForEncodings = 0;
			knownRegions = (
				en,
				Base,
			);
			mainGroup = 60BFC3B91F1BB9350070701D;
			productRefGroup = 60BFC3C31F1BB9350070701D /* Products */;
			projectDirPath = "";
			projectRoot = "";
			targets = (
				60BFC3C11F1BB9350070701D /* Xcode8GitExample */,
				60BFC3D21F1BB9350070701D /* Xcode8GitExampleTests */,
				60BFC3DD1F1BB9350070701D /* Xcode8GitExampleUITests */,
			);
		};
/* End PBXProject section */

/* Begin PBXResourcesBuildPhase section */
		60BFC3C01F1BB9350070701D /* Resources */ = {
			isa = PBXResourcesBuildPhase;
			buildActionMask = 2147483647;
			files = (
				60BFC3CA1F1BB9350070701D /* Assets.xcassets in Resources */,
				60BFC3CD1F1BB9350070701D /* Main.storyboard in Resources */,
			);
			runOnlyForDeploymentPostprocessing = 0;
		};
		60BFC3D11F1BB9350070701D /* Resources */ = {
			isa = PBXResourcesBuildPhase;
			buildActionMask = 2147483647;
			files = (
			);
			runOnlyForDeploymentPostprocessing = 0;
		};
		60BFC3DC1F1BB9350070701D /* Resources */ = {
			isa = PBXResourcesBuildPhase;
			buildActionMask = 2147483647;
			files = (
			);
			runOnlyForDeploymentPostprocessing = 0;
		};
/* End PBXResourcesBuildPhase section */

/* Begin PBXSourcesBuildPhase section */
		60BFC3BE1F1BB9350070701D /* Sources */ = {
			isa = PBXSourcesBuildPhase;
			buildActionMask = 2147483647;
			files = (
				60BFC3C81F1BB9350070701D /* ViewController.swift in Sources */,
				60BFC3C61F1BB9350070701D /* AppDelegate.swift in Sources */,
			);
			runOnlyForDeploymentPostprocessing = 0;
		};
		60BFC3CF1F1BB9350070701D /* Sources */ = {
			isa = PBXSourcesBuildPhase;
			buildActionMask = 2147483647;
			files = (
				60BFC3D81F1BB9350070701D /* Xcode8GitExampleTests.swift in Sources */,
			);
			runOnlyForDeploymentPostprocessing = 0;
		};
		60BFC3DA1F1BB9350070701D /* Sources */ = {
			isa = PBXSourcesBuildPhase;
			buildActionMask = 2147483647;
			files = (
				60BFC3E31F1BB9350070701D /* Xcode8GitExampleUITests.swift in Sources */,
			);
			runOnlyForDeploymentPostprocessing = 0;
		};
/* End PBXSourcesBuildPhase section */

/* Begin PBXTargetDependency section */
		60BFC3D51F1BB9350070701D /* PBXTargetDependency */ = {
			isa = PBXTargetDependency;
			target = 60BFC3C11F1BB9350070701D /* Xcode8GitExample */;
			targetProxy = 60BFC3D41F1BB9350070701D /* PBXContainerItemProxy */;
		};
		60BFC3E01F1BB9350070701D /* PBXTargetDependency */ = {
			isa = PBXTargetDependency;
			target = 60BFC3C11F1BB9350070701D /* Xcode8GitExample */;
			targetProxy = 60BFC3DF1F1BB9350070701D /* PBXContainerItemProxy */;
		};
/* End PBXTargetDependency section */

/* Begin PBXVariantGroup section */
		60BFC3CB1F1BB9350070701D /* Main.storyboard */ = {
			isa = PBXVariantGroup;
			children = (
				60BFC3CC1F1BB9350070701D /* Base */,
			);
			name = Main.storyboard;
			sourceTree = "<group>";
		};
/* End PBXVariantGroup section */

/* Begin XCBuildConfiguration section */
		60BFC3E51F1BB9350070701D /* Debug */ = {
			isa = XCBuildConfiguration;
			buildSettings = {
				ALWAYS_SEARCH_USER_PATHS = NO;
				CLANG_ANALYZER_NONNULL = YES;
				CLANG_ANALYZER_NUMBER_OBJECT_CONVERSION = YES_AGGRESSIVE;
				CLANG_CXX_LANGUAGE_STANDARD = "gnu++0x";
				CLANG_CXX_LIBRARY = "libc++";
				CLANG_ENABLE_MODULES = YES;
				CLANG_ENABLE_OBJC_ARC = YES;
				CLANG_WARN_BOOL_CONVERSION = YES;
				CLANG_WARN_CONSTANT_CONVERSION = YES;
				CLANG_WARN_DIRECT_OBJC_ISA_USAGE = YES_ERROR;
				CLANG_WARN_DOCUMENTATION_COMMENTS = YES;
				CLANG_WARN_EMPTY_BODY = YES;
				CLANG_WARN_ENUM_CONVERSION = YES;
				CLANG_WARN_INFINITE_RECURSION = YES;
				CLANG_WARN_INT_CONVERSION = YES;
				CLANG_WARN_OBJC_ROOT_CLASS = YES_ERROR;
				CLANG_WARN_SUSPICIOUS_MOVE = YES;
				CLANG_WARN_UNREACHABLE_CODE = YES;
				CLANG_WARN__DUPLICATE_METHOD_MATCH = YES;
				CODE_SIGN_IDENTITY = "-";
				COPY_PHASE_STRIP = NO;
				DEBUG_INFORMATION_FORMAT = dwarf;
				ENABLE_STRICT_OBJC_MSGSEND = YES;
				ENABLE_TESTABILITY = YES;
				GCC_C_LANGUAGE_STANDARD = gnu99;
				GCC_DYNAMIC_NO_PIC = NO;
				GCC_NO_COMMON_BLOCKS = YES;
				GCC_OPTIMIZATION_LEVEL = 0;
				GCC_PREPROCESSOR_DEFINITIONS = (
					"DEBUG=1",
					"$(inherited)",
				);
				GCC_WARN_64_TO_32_BIT_CONVERSION = YES;
				GCC_WARN_ABOUT_RETURN_TYPE = YES_ERROR;
				GCC_WARN_UNDECLARED_SELECTOR = YES;
				GCC_WARN_UNINITIALIZED_AUTOS = YES_AGGRESSIVE;
				GCC_WARN_UNUSED_FUNCTION = YES;
				GCC_WARN_UNUSED_VARIABLE = YES;
				MACOSX_DEPLOYMENT_TARGET = 10.12;
				MTL_ENABLE_DEBUG_INFO = YES;
				ONLY_ACTIVE_ARCH = YES;
				SDKROOT = macosx;
				SWIFT_ACTIVE_COMPILATION_CONDITIONS = DEBUG;
				SWIFT_OPTIMIZATION_LEVEL = "-Onone";
			};
			name = Debug;
		};
		60BFC3E61F1BB9350070701D /* Release */ = {
			isa = XCBuildConfiguration;
			buildSettings = {
				ALWAYS_SEARCH_USER_PATHS = NO;
				CLANG_ANALYZER_NONNULL = YES;
				CLANG_ANALYZER_NUMBER_OBJECT_CONVERSION = YES_AGGRESSIVE;
				CLANG_CXX_LANGUAGE_STANDARD = "gnu++0x";
				CLANG_CXX_LIBRARY = "libc++";
				CLANG_ENABLE_MODULES = YES;
				CLANG_ENABLE_OBJC_ARC = YES;
				CLANG_WARN_BOOL_CONVERSION = YES;
				CLANG_WARN_CONSTANT_CONVERSION = YES;
				CLANG_WARN_DIRECT_OBJC_ISA_USAGE = YES_ERROR;
				CLANG_WARN_DOCUMENTATION_COMMENTS = YES;
				CLANG_WARN_EMPTY_BODY = YES;
				CLANG_WARN_ENUM_CONVERSION = YES;
				CLANG_WARN_INFINITE_RECURSION = YES;
				CLANG_WARN_INT_CONVERSION = YES;
				CLANG_WARN_OBJC_ROOT_CLASS = YES_ERROR;
				CLANG_WARN_SUSPICIOUS_MOVE = YES;
				CLANG_WARN_UNREACHABLE_CODE = YES;
				CLANG_WARN__DUPLICATE_METHOD_MATCH = YES;
				CODE_SIGN_IDENTITY = "-";
				COPY_PHASE_STRIP = NO;
				DEBUG_INFORMATION_FORMAT = "dwarf-with-dsym";
				ENABLE_NS_ASSERTIONS = NO;
				ENABLE_STRICT_OBJC_MSGSEND = YES;
				GCC_C_LANGUAGE_STANDARD = gnu99;
				GCC_NO_COMMON_BLOCKS = YES;
				GCC_WARN_64_TO_32_BIT_CONVERSION = YES;
				GCC_WARN_ABOUT_RETURN_TYPE = YES_ERROR;
				GCC_WARN_UNDECLARED_SELECTOR = YES;
				GCC_WARN_UNINITIALIZED_AUTOS = YES_AGGRESSIVE;
				GCC_WARN_UNUSED_FUNCTION = YES;
				GCC_WARN_UNUSED_VARIABLE = YES;
				MACOSX_DEPLOYMENT_TARGET = 10.12;
				MTL_ENABLE_DEBUG_INFO = NO;
				SDKROOT = macosx;
				SWIFT_OPTIMIZATION_LEVEL = "-Owholemodule";
			};
			name = Release;
		};
		60BFC3E81F1BB9350070701D /* Debug */ = {
			isa = XCBuildConfiguration;
			buildSettings = {
				ASSETCATALOG_COMPILER_APPICON_NAME = AppIcon;
				COMBINE_HIDPI_IMAGES = YES;
				INFOPLIST_FILE = Xcode8GitExample/Info.plist;
				LD_RUNPATH_SEARCH_PATHS = "$(inherited) @executable_path/../Frameworks";
				PRODUCT_BUNDLE_IDENTIFIER = com.wixsite.neonpiggle.Xcode8GitExample;
				PRODUCT_NAME = "$(TARGET_NAME)";
				SWIFT_VERSION = 3.0;
			};
			name = Debug;
		};
		60BFC3E91F1BB9350070701D /* Release */ = {
			isa = XCBuildConfiguration;
			buildSettings = {
				ASSETCATALOG_COMPILER_APPICON_NAME = AppIcon;
				COMBINE_HIDPI_IMAGES = YES;
				INFOPLIST_FILE = Xcode8GitExample/Info.plist;
				LD_RUNPATH_SEARCH_PATHS = "$(inherited) @executable_path/../Frameworks";
				PRODUCT_BUNDLE_IDENTIFIER = com.wixsite.neonpiggle.Xcode8GitExample;
				PRODUCT_NAME = "$(TARGET_NAME)";
				SWIFT_VERSION = 3.0;
			};
			name = Release;
		};
		60BFC3EB1F1BB9350070701D /* Debug */ = {
			isa = XCBuildConfiguration;
			buildSettings = {
				ALWAYS_EMBED_SWIFT_STANDARD_LIBRARIES = YES;
				BUNDLE_LOADER = "$(TEST_HOST)";
				COMBINE_HIDPI_IMAGES = YES;
				INFOPLIST_FILE = Xcode8GitExampleTests/Info.plist;
				LD_RUNPATH_SEARCH_PATHS = "$(inherited) @executable_path/../Frameworks @loader_path/../Frameworks";
				PRODUCT_BUNDLE_IDENTIFIER = com.wixsite.neonpiggle.Xcode8GitExampleTests;
				PRODUCT_NAME = "$(TARGET_NAME)";
				SWIFT_VERSION = 3.0;
				TEST_HOST = "$(BUILT_PRODUCTS_DIR)/Xcode8GitExample.app/Contents/MacOS/Xcode8GitExample";
			};
			name = Debug;
		};
		60BFC3EC1F1BB9350070701D /* Release */ = {
			isa = XCBuildConfiguration;
			buildSettings = {
				ALWAYS_EMBED_SWIFT_STANDARD_LIBRARIES = YES;
				BUNDLE_LOADER = "$(TEST_HOST)";
				COMBINE_HIDPI_IMAGES = YES;
				INFOPLIST_FILE = Xcode8GitExampleTests/Info.plist;
				LD_RUNPATH_SEARCH_PATHS = "$(inherited) @executable_path/../Frameworks @loader_path/../Frameworks";
				PRODUCT_BUNDLE_IDENTIFIER = com.wixsite.neonpiggle.Xcode8GitExampleTests;
				PRODUCT_NAME = "$(TARGET_NAME)";
				SWIFT_VERSION = 3.0;
				TEST_HOST = "$(BUILT_PRODUCTS_DIR)/Xcode8GitExample.app/Contents/MacOS/Xcode8GitExample";
			};
			name = Release;
		};
		60BFC3EE1F1BB9350070701D /* Debug */ = {
			isa = XCBuildConfiguration;
			buildSettings = {
				ALWAYS_EMBED_SWIFT_STANDARD_LIBRARIES = YES;
				COMBINE_HIDPI_IMAGES = YES;
				INFOPLIST_FILE = Xcode8GitExampleUITests/Info.plist;
				LD_RUNPATH_SEARCH_PATHS = "$(inherited) @executable_path/../Frameworks @loader_path/../Frameworks";
				PRODUCT_BUNDLE_IDENTIFIER = com.wixsite.neonpiggle.Xcode8GitExampleUITests;
				PRODUCT_NAME = "$(TARGET_NAME)";
				SWIFT_VERSION = 3.0;
				TEST_TARGET_NAME = Xcode8GitExample;
			};
			name = Debug;
		};
		60BFC3EF1F1BB9350070701D /* Release */ = {
			isa = XCBuildConfiguration;
			buildSettings = {
				ALWAYS_EMBED_SWIFT_STANDARD_LIBRARIES = YES;
				COMBINE_HIDPI_IMAGES = YES;
				INFOPLIST_FILE = Xcode8GitExampleUITests/Info.plist;
				LD_RUNPATH_SEARCH_PATHS = "$(inherited) @executable_path/../Frameworks @loader_path/../Frameworks";
				PRODUCT_BUNDLE_IDENTIFIER = com.wixsite.neonpiggle.Xcode8GitExampleUITests;
				PRODUCT_NAME = "$(TARGET_NAME)";
				SWIFT_VERSION = 3.0;
				TEST_TARGET_NAME = Xcode8GitExample;
			};
			name = Release;
		};
/* End XCBuildConfiguration section */

/* Begin XCConfigurationList section */
		60BFC3BD1F1BB9350070701D /* Build configuration list for PBXProject "Xcode8GitExample" */ = {
			isa = XCConfigurationList;
			buildConfigurations = (
				60BFC3E51F1BB9350070701D /* Debug */,
				60BFC3E61F1BB9350070701D /* Release */,
			);
			defaultConfigurationIsVisible = 0;
			defaultConfigurationName = Release;
		};
		60BFC3E71F1BB9350070701D /* Build configuration list for PBXNativeTarget "Xcode8GitExample" */ = {
			isa = XCConfigurationList;
			buildConfigurations = (
				60BFC3E81F1BB9350070701D /* Debug */,
				60BFC3E91F1BB9350070701D /* Release */,
			);
			defaultConfigurationIsVisible = 0;
		};
		60BFC3EA1F1BB9350070701D /* Build configuration list for PBXNativeTarget "Xcode8GitExampleTests" */ = {
			isa = XCConfigurationList;
			buildConfigurations = (
				60BFC3EB1F1BB9350070701D /* Debug */,
				60BFC3EC1F1BB9350070701D /* Release */,
			);
			defaultConfigurationIsVisible = 0;
		};
		60BFC3ED1F1BB9350070701D /* Build configuration list for PBXNativeTarget "Xcode8GitExampleUITests" */ = {
			isa = XCConfigurationList;
			buildConfigurations = (
				60BFC3EE1F1BB9350070701D /* Debug */,
				60BFC3EF1F1BB9350070701D /* Release */,
			);
			defaultConfigurationIsVisible = 0;
		};
/* End XCConfigurationList section */
	};
	rootObject = 60BFC3BA1F1BB9350070701D /* Project object */;
}
